// !$*UTF8*$!
{
	archiveVersion = 1;
	classes = {
	};
	objectVersion = 46;
	objects = {

/* Begin PBXBuildFile section */
		BB06275E175015EF002DD5F0 /* TwitterClient.m in Sources */ = {isa = PBXBuildFile; fileRef = BB06275D175015EF002DD5F0 /* TwitterClient.m */; };
		BB06276117501A0D002DD5F0 /* TwitterGraffiti.m in Sources */ = {isa = PBXBuildFile; fileRef = BB06276017501A0D002DD5F0 /* TwitterGraffiti.m */; };
		BB0627631751A091002DD5F0 /* FacebookSDK.framework in Frameworks */ = {isa = PBXBuildFile; fileRef = BB0627621751A091002DD5F0 /* FacebookSDK.framework */; };
		BB0627651751A0CE002DD5F0 /* FacebookSDKResources.bundle in Resources */ = {isa = PBXBuildFile; fileRef = BB0627641751A0CE002DD5F0 /* FacebookSDKResources.bundle */; };
		BB06276B1751A1AD002DD5F0 /* Accounts.framework in Frameworks */ = {isa = PBXBuildFile; fileRef = BB0627661751A1AC002DD5F0 /* Accounts.framework */; };
		BB06276C1751A1AD002DD5F0 /* AdSupport.framework in Frameworks */ = {isa = PBXBuildFile; fileRef = BB0627671751A1AC002DD5F0 /* AdSupport.framework */; };
		BB06276D1751A1AD002DD5F0 /* libsqlite3.dylib in Frameworks */ = {isa = PBXBuildFile; fileRef = BB0627681751A1AC002DD5F0 /* libsqlite3.dylib */; };
		BB06276E1751A1AD002DD5F0 /* Security.framework in Frameworks */ = {isa = PBXBuildFile; fileRef = BB0627691751A1AD002DD5F0 /* Security.framework */; };
		BB06276F1751A1AD002DD5F0 /* Social.framework in Frameworks */ = {isa = PBXBuildFile; fileRef = BB06276A1751A1AD002DD5F0 /* Social.framework */; };
		BB0627721751C164002DD5F0 /* FacebookClient.m in Sources */ = {isa = PBXBuildFile; fileRef = BB0627711751C164002DD5F0 /* FacebookClient.m */; };
		BB06277617530FB6002DD5F0 /* FacebookGraffiti.m in Sources */ = {isa = PBXBuildFile; fileRef = BB06277517530FB6002DD5F0 /* FacebookGraffiti.m */; };
		BB18C0C0174F47610088856A /* RankingAlgorithm.m in Sources */ = {isa = PBXBuildFile; fileRef = BB18C0BF174F47610088856A /* RankingAlgorithm.m */; };
		BB29083B174DF901003064AB /* InstagramClient.m in Sources */ = {isa = PBXBuildFile; fileRef = BB29083A174DF901003064AB /* InstagramClient.m */; };
		BB29083E174EFE4F003064AB /* InstagramGraffiti.m in Sources */ = {isa = PBXBuildFile; fileRef = BB29083D174EFE4F003064AB /* InstagramGraffiti.m */; };
		BB52B484172896330077591D /* UIKit.framework in Frameworks */ = {isa = PBXBuildFile; fileRef = BB52B483172896330077591D /* UIKit.framework */; };
		BB52B486172896330077591D /* Foundation.framework in Frameworks */ = {isa = PBXBuildFile; fileRef = BB52B485172896330077591D /* Foundation.framework */; };
		BB52B488172896330077591D /* CoreGraphics.framework in Frameworks */ = {isa = PBXBuildFile; fileRef = BB52B487172896330077591D /* CoreGraphics.framework */; };
		BB52B48E172896330077591D /* InfoPlist.strings in Resources */ = {isa = PBXBuildFile; fileRef = BB52B48C172896330077591D /* InfoPlist.strings */; };
		BB52B490172896330077591D /* main.m in Sources */ = {isa = PBXBuildFile; fileRef = BB52B48F172896330077591D /* main.m */; };
		BB52B494172896340077591D /* GiraffeAppDelegate.m in Sources */ = {isa = PBXBuildFile; fileRef = BB52B493172896340077591D /* GiraffeAppDelegate.m */; };
		BB52B496172896340077591D /* Default.png in Resources */ = {isa = PBXBuildFile; fileRef = BB52B495172896340077591D /* Default.png */; };
		BB52B498172896340077591D /* Default@2x.png in Resources */ = {isa = PBXBuildFile; fileRef = BB52B497172896340077591D /* Default@2x.png */; };
		BB52B49A172896340077591D /* Default-568h@2x.png in Resources */ = {isa = PBXBuildFile; fileRef = BB52B499172896340077591D /* Default-568h@2x.png */; };
		BB52B49D172896340077591D /* MainStoryboard_iPhone.storyboard in Resources */ = {isa = PBXBuildFile; fileRef = BB52B49B172896340077591D /* MainStoryboard_iPhone.storyboard */; };
		BB52B4A0172896340077591D /* MainStoryboard_iPad.storyboard in Resources */ = {isa = PBXBuildFile; fileRef = BB52B49E172896340077591D /* MainStoryboard_iPad.storyboard */; };
		BB52B4A3172896340077591D /* GiraffeNearbyViewController.m in Sources */ = {isa = PBXBuildFile; fileRef = BB52B4A2172896340077591D /* GiraffeNearbyViewController.m */; };
		BB52B4A5172896340077591D /* first.png in Resources */ = {isa = PBXBuildFile; fileRef = BB52B4A4172896340077591D /* first.png */; };
		BB52B4A7172896340077591D /* first@2x.png in Resources */ = {isa = PBXBuildFile; fileRef = BB52B4A6172896340077591D /* first@2x.png */; };
		BB52B4AA172896340077591D /* GiraffeMapViewController.m in Sources */ = {isa = PBXBuildFile; fileRef = BB52B4A9172896340077591D /* GiraffeMapViewController.m */; };
		BB52B4AC172896340077591D /* second.png in Resources */ = {isa = PBXBuildFile; fileRef = BB52B4AB172896340077591D /* second.png */; };
		BB52B4AE172896340077591D /* second@2x.png in Resources */ = {isa = PBXBuildFile; fileRef = BB52B4AD172896340077591D /* second@2x.png */; };
		BB56DE1B174999BC000306AB /* splash.png in Resources */ = {isa = PBXBuildFile; fileRef = BB56DE1A174999BC000306AB /* splash.png */; };
		BB67F7E4174B14B200684E78 /* Toast+UIView.m in Sources */ = {isa = PBXBuildFile; fileRef = BB67F7E3174B14B200684E78 /* Toast+UIView.m */; settings = {COMPILER_FLAGS = "-fno-objc-arc"; }; };
		BB89348717386DEE0056F035 /* AFHTTPClient.m in Sources */ = {isa = PBXBuildFile; fileRef = BB89347517386DEE0056F035 /* AFHTTPClient.m */; };
		BB89348817386DEE0056F035 /* AFHTTPRequestOperation.m in Sources */ = {isa = PBXBuildFile; fileRef = BB89347717386DEE0056F035 /* AFHTTPRequestOperation.m */; };
		BB89348917386DEE0056F035 /* AFImageRequestOperation.m in Sources */ = {isa = PBXBuildFile; fileRef = BB89347917386DEE0056F035 /* AFImageRequestOperation.m */; };
		BB89348A17386DEE0056F035 /* AFJSONRequestOperation.m in Sources */ = {isa = PBXBuildFile; fileRef = BB89347B17386DEE0056F035 /* AFJSONRequestOperation.m */; };
		BB89348B17386DEE0056F035 /* AFNetworkActivityIndicatorManager.m in Sources */ = {isa = PBXBuildFile; fileRef = BB89347D17386DEE0056F035 /* AFNetworkActivityIndicatorManager.m */; };
		BB89348C17386DEE0056F035 /* AFPropertyListRequestOperation.m in Sources */ = {isa = PBXBuildFile; fileRef = BB89348017386DEE0056F035 /* AFPropertyListRequestOperation.m */; };
		BB89348D17386DEE0056F035 /* AFURLConnectionOperation.m in Sources */ = {isa = PBXBuildFile; fileRef = BB89348217386DEE0056F035 /* AFURLConnectionOperation.m */; };
		BB89348E17386DEE0056F035 /* AFXMLRequestOperation.m in Sources */ = {isa = PBXBuildFile; fileRef = BB89348417386DEE0056F035 /* AFXMLRequestOperation.m */; };
		BB89348F17386DEE0056F035 /* UIImageView+AFNetworking.m in Sources */ = {isa = PBXBuildFile; fileRef = BB89348617386DEE0056F035 /* UIImageView+AFNetworking.m */; };
		BB89349117386E580056F035 /* MobileCoreServices.framework in Frameworks */ = {isa = PBXBuildFile; fileRef = BB89349017386E580056F035 /* MobileCoreServices.framework */; };
		BB89349317386E5D0056F035 /* SystemConfiguration.framework in Frameworks */ = {isa = PBXBuildFile; fileRef = BB89349217386E5D0056F035 /* SystemConfiguration.framework */; };
		BB89349617386FA30056F035 /* GiraffeClient.m in Sources */ = {isa = PBXBuildFile; fileRef = BB89349517386FA30056F035 /* GiraffeClient.m */; };
		BBAC6412172DEBB7002A5658 /* GiraffeShareViewController.m in Sources */ = {isa = PBXBuildFile; fileRef = BBAC6411172DEBB7002A5658 /* GiraffeShareViewController.m */; };
		BBAC6415172DF0D3002A5658 /* GiraffeProfileViewController.m in Sources */ = {isa = PBXBuildFile; fileRef = BBAC6414172DF0D3002A5658 /* GiraffeProfileViewController.m */; };
		BBAC6418172DF0E3002A5658 /* GiraffeSettingsViewController.m in Sources */ = {isa = PBXBuildFile; fileRef = BBAC6417172DF0E3002A5658 /* GiraffeSettingsViewController.m */; };
		BBAC641B172DF4A4002A5658 /* Graffiti.m in Sources */ = {isa = PBXBuildFile; fileRef = BBAC641A172DF4A4002A5658 /* Graffiti.m */; };
		BBAC641E172DF4B1002A5658 /* User.m in Sources */ = {isa = PBXBuildFile; fileRef = BBAC641D172DF4B1002A5658 /* User.m */; };
		BBBAB6D81753298A00EEF814 /* facebook.png in Resources */ = {isa = PBXBuildFile; fileRef = BBBAB6D31753298A00EEF814 /* facebook.png */; };
		BBBAB6D91753298A00EEF814 /* flickr.png in Resources */ = {isa = PBXBuildFile; fileRef = BBBAB6D41753298A00EEF814 /* flickr.png */; };
		BBBAB6DA1753298A00EEF814 /* googleplus.png in Resources */ = {isa = PBXBuildFile; fileRef = BBBAB6D51753298A00EEF814 /* googleplus.png */; };
		BBBAB6DB1753298A00EEF814 /* instagram.png in Resources */ = {isa = PBXBuildFile; fileRef = BBBAB6D61753298A00EEF814 /* instagram.png */; };
		BBBAB6DC1753298A00EEF814 /* twitter.png in Resources */ = {isa = PBXBuildFile; fileRef = BBBAB6D71753298A00EEF814 /* twitter.png */; };
		BBCFA30517462A490059E581 /* LICENSE in Resources */ = {isa = PBXBuildFile; fileRef = BBCFA2F217462A490059E581 /* LICENSE */; };
		BBCFA30617462A490059E581 /* NSDateTimeAgo.strings in Resources */ = {isa = PBXBuildFile; fileRef = BBCFA2F417462A490059E581 /* NSDateTimeAgo.strings */; };
		BBCFA30717462A490059E581 /* NSDate+TimeAgo.m in Sources */ = {isa = PBXBuildFile; fileRef = BBCFA30217462A490059E581 /* NSDate+TimeAgo.m */; };
		BBCFA30817462A490059E581 /* NSDate+TimeAgo.podspec in Resources */ = {isa = PBXBuildFile; fileRef = BBCFA30317462A490059E581 /* NSDate+TimeAgo.podspec */; };
		BBCFA30917462A490059E581 /* README.md in Resources */ = {isa = PBXBuildFile; fileRef = BBCFA30417462A490059E581 /* README.md */; };
		BBD0151D172F3C2B00DB2ACC /* CoreLocation.framework in Frameworks */ = {isa = PBXBuildFile; fileRef = BBD0151C172F3C2B00DB2ACC /* CoreLocation.framework */; };
		BBD67402174A213900152940 /* camera.png in Resources */ = {isa = PBXBuildFile; fileRef = BBD673FA174A213900152940 /* camera.png */; };
		BBD67403174A213900152940 /* gear.png in Resources */ = {isa = PBXBuildFile; fileRef = BBD673FB174A213900152940 /* gear.png */; };
		BBD67404174A213900152940 /* id-card.png in Resources */ = {isa = PBXBuildFile; fileRef = BBD673FC174A213900152940 /* id-card.png */; };
		BBD67405174A213900152940 /* location-arrow.png in Resources */ = {isa = PBXBuildFile; fileRef = BBD673FD174A213900152940 /* location-arrow.png */; };
		BBD67406174A213900152940 /* location.png in Resources */ = {isa = PBXBuildFile; fileRef = BBD673FE174A213900152940 /* location.png */; };
		BBD67407174A213900152940 /* map-marker.png in Resources */ = {isa = PBXBuildFile; fileRef = BBD673FF174A213900152940 /* map-marker.png */; };
		BBD67408174A213900152940 /* map.png in Resources */ = {isa = PBXBuildFile; fileRef = BBD67400174A213900152940 /* map.png */; };
		BBD67409174A213900152940 /* radar.png in Resources */ = {isa = PBXBuildFile; fileRef = BBD67401174A213900152940 /* radar.png */; };
		BBD6740C174A214100152940 /* spraycan.png in Resources */ = {isa = PBXBuildFile; fileRef = BBD6740A174A214100152940 /* spraycan.png */; };
		BBD6740D174A214100152940 /* upload-photo.png in Resources */ = {isa = PBXBuildFile; fileRef = BBD6740B174A214100152940 /* upload-photo.png */; };
		F02151CA1740DCDF007DCF37 /* avatarImagePlaceholder.png in Resources */ = {isa = PBXBuildFile; fileRef = F02151C91740DCDF007DCF37 /* avatarImagePlaceholder.png */; };
		F04B9E15173825B7007B645B /* GraffitiCell.m in Sources */ = {isa = PBXBuildFile; fileRef = F04B9E14173825B7007B645B /* GraffitiCell.m */; };
		F04B9E2417382EF6007B645B /* UIKit-Utility.m in Sources */ = {isa = PBXBuildFile; fileRef = F04B9E2317382EF6007B645B /* UIKit-Utility.m */; };
		F04B9E2C173830F9007B645B /* HelveticaNeueLTW1G-ThCn.otf in Resources */ = {isa = PBXBuildFile; fileRef = F04B9E27173830C7007B645B /* HelveticaNeueLTW1G-ThCn.otf */; };
		F04B9E2D173830FC007B645B /* HelveticaNeueLTW1G-LtCn.otf in Resources */ = {isa = PBXBuildFile; fileRef = F04B9E28173830C7007B645B /* HelveticaNeueLTW1G-LtCn.otf */; };
		F04B9E2E17383100007B645B /* HelveticaNeueLTW1G-Cn.otf in Resources */ = {isa = PBXBuildFile; fileRef = F04B9E29173830C7007B645B /* HelveticaNeueLTW1G-Cn.otf */; };
		F04B9E2F17383103007B645B /* HelveticaNeueLTW1G-MdCn.otf in Resources */ = {isa = PBXBuildFile; fileRef = F04B9E2A173830C7007B645B /* HelveticaNeueLTW1G-MdCn.otf */; };
		F04B9E3017383107007B645B /* HelveticaNeueLTW1G-BdCn.otf in Resources */ = {isa = PBXBuildFile; fileRef = F04B9E2B173830C7007B645B /* HelveticaNeueLTW1G-BdCn.otf */; };
		F06A49A2173E087400FCA95B /* UserLoginController.m in Sources */ = {isa = PBXBuildFile; fileRef = F06A49A1173E087400FCA95B /* UserLoginController.m */; };
		F06A49A7173E098F00FCA95B /* UserLoginView.m in Sources */ = {isa = PBXBuildFile; fileRef = F06A49A6173E098F00FCA95B /* UserLoginView.m */; };
		F0C10C9F173B584D0093EBB1 /* LocationManager.m in Sources */ = {isa = PBXBuildFile; fileRef = F0C10C9E173B584D0093EBB1 /* LocationManager.m */; };
		F0C10CA3173B5BAA0093EBB1 /* Foundation-Utility.m in Sources */ = {isa = PBXBuildFile; fileRef = F0C10CA2173B5BAA0093EBB1 /* Foundation-Utility.m */; };
		F0C10CA6173B7D470093EBB1 /* GiraffeShareView.m in Sources */ = {isa = PBXBuildFile; fileRef = F0C10CA5173B7D470093EBB1 /* GiraffeShareView.m */; };
/* End PBXBuildFile section */

/* Begin PBXFileReference section */
		BB06275C175015EF002DD5F0 /* TwitterClient.h */ = {isa = PBXFileReference; fileEncoding = 4; lastKnownFileType = sourcecode.c.h; path = TwitterClient.h; sourceTree = "<group>"; };
		BB06275D175015EF002DD5F0 /* TwitterClient.m */ = {isa = PBXFileReference; fileEncoding = 4; lastKnownFileType = sourcecode.c.objc; path = TwitterClient.m; sourceTree = "<group>"; };
		BB06275F17501A0D002DD5F0 /* TwitterGraffiti.h */ = {isa = PBXFileReference; fileEncoding = 4; lastKnownFileType = sourcecode.c.h; path = TwitterGraffiti.h; sourceTree = "<group>"; };
		BB06276017501A0D002DD5F0 /* TwitterGraffiti.m */ = {isa = PBXFileReference; fileEncoding = 4; lastKnownFileType = sourcecode.c.objc; path = TwitterGraffiti.m; sourceTree = "<group>"; };
		BB0627621751A091002DD5F0 /* FacebookSDK.framework */ = {isa = PBXFileReference; lastKnownFileType = wrapper.framework; path = FacebookSDK.framework; sourceTree = "<group>"; };
		BB0627641751A0CE002DD5F0 /* FacebookSDKResources.bundle */ = {isa = PBXFileReference; lastKnownFileType = "wrapper.plug-in"; path = FacebookSDKResources.bundle; sourceTree = "<group>"; };
		BB0627661751A1AC002DD5F0 /* Accounts.framework */ = {isa = PBXFileReference; lastKnownFileType = wrapper.framework; name = Accounts.framework; path = System/Library/Frameworks/Accounts.framework; sourceTree = SDKROOT; };
		BB0627671751A1AC002DD5F0 /* AdSupport.framework */ = {isa = PBXFileReference; lastKnownFileType = wrapper.framework; name = AdSupport.framework; path = System/Library/Frameworks/AdSupport.framework; sourceTree = SDKROOT; };
		BB0627681751A1AC002DD5F0 /* libsqlite3.dylib */ = {isa = PBXFileReference; lastKnownFileType = "compiled.mach-o.dylib"; name = libsqlite3.dylib; path = usr/lib/libsqlite3.dylib; sourceTree = SDKROOT; };
		BB0627691751A1AD002DD5F0 /* Security.framework */ = {isa = PBXFileReference; lastKnownFileType = wrapper.framework; name = Security.framework; path = System/Library/Frameworks/Security.framework; sourceTree = SDKROOT; };
		BB06276A1751A1AD002DD5F0 /* Social.framework */ = {isa = PBXFileReference; lastKnownFileType = wrapper.framework; name = Social.framework; path = System/Library/Frameworks/Social.framework; sourceTree = SDKROOT; };
		BB0627701751C164002DD5F0 /* FacebookClient.h */ = {isa = PBXFileReference; fileEncoding = 4; lastKnownFileType = sourcecode.c.h; path = FacebookClient.h; sourceTree = "<group>"; };
		BB0627711751C164002DD5F0 /* FacebookClient.m */ = {isa = PBXFileReference; fileEncoding = 4; lastKnownFileType = sourcecode.c.objc; path = FacebookClient.m; sourceTree = "<group>"; };
		BB06277417530FB6002DD5F0 /* FacebookGraffiti.h */ = {isa = PBXFileReference; fileEncoding = 4; lastKnownFileType = sourcecode.c.h; path = FacebookGraffiti.h; sourceTree = "<group>"; };
		BB06277517530FB6002DD5F0 /* FacebookGraffiti.m */ = {isa = PBXFileReference; fileEncoding = 4; lastKnownFileType = sourcecode.c.objc; path = FacebookGraffiti.m; sourceTree = "<group>"; };
		BB18C0BE174F47610088856A /* RankingAlgorithm.h */ = {isa = PBXFileReference; fileEncoding = 4; lastKnownFileType = sourcecode.c.h; path = RankingAlgorithm.h; sourceTree = "<group>"; };
		BB18C0BF174F47610088856A /* RankingAlgorithm.m */ = {isa = PBXFileReference; fileEncoding = 4; lastKnownFileType = sourcecode.c.objc; path = RankingAlgorithm.m; sourceTree = "<group>"; };
		BB290839174DF901003064AB /* InstagramClient.h */ = {isa = PBXFileReference; fileEncoding = 4; lastKnownFileType = sourcecode.c.h; path = InstagramClient.h; sourceTree = "<group>"; };
		BB29083A174DF901003064AB /* InstagramClient.m */ = {isa = PBXFileReference; fileEncoding = 4; lastKnownFileType = sourcecode.c.objc; path = InstagramClient.m; sourceTree = "<group>"; };
		BB29083C174EFE4F003064AB /* InstagramGraffiti.h */ = {isa = PBXFileReference; fileEncoding = 4; lastKnownFileType = sourcecode.c.h; path = InstagramGraffiti.h; sourceTree = "<group>"; };
		BB29083D174EFE4F003064AB /* InstagramGraffiti.m */ = {isa = PBXFileReference; fileEncoding = 4; lastKnownFileType = sourcecode.c.objc; path = InstagramGraffiti.m; sourceTree = "<group>"; };
		BB52B480172896330077591D /* GiraffeiOS.app */ = {isa = PBXFileReference; explicitFileType = wrapper.application; includeInIndex = 0; path = GiraffeiOS.app; sourceTree = BUILT_PRODUCTS_DIR; };
		BB52B483172896330077591D /* UIKit.framework */ = {isa = PBXFileReference; lastKnownFileType = wrapper.framework; name = UIKit.framework; path = System/Library/Frameworks/UIKit.framework; sourceTree = SDKROOT; };
		BB52B485172896330077591D /* Foundation.framework */ = {isa = PBXFileReference; lastKnownFileType = wrapper.framework; name = Foundation.framework; path = System/Library/Frameworks/Foundation.framework; sourceTree = SDKROOT; };
		BB52B487172896330077591D /* CoreGraphics.framework */ = {isa = PBXFileReference; lastKnownFileType = wrapper.framework; name = CoreGraphics.framework; path = System/Library/Frameworks/CoreGraphics.framework; sourceTree = SDKROOT; };
		BB52B48B172896330077591D /* GiraffeiOS-Info.plist */ = {isa = PBXFileReference; lastKnownFileType = text.plist.xml; path = "GiraffeiOS-Info.plist"; sourceTree = "<group>"; };
		BB52B48D172896330077591D /* en */ = {isa = PBXFileReference; lastKnownFileType = text.plist.strings; name = en; path = en.lproj/InfoPlist.strings; sourceTree = "<group>"; };
		BB52B48F172896330077591D /* main.m */ = {isa = PBXFileReference; lastKnownFileType = sourcecode.c.objc; path = main.m; sourceTree = "<group>"; };
		BB52B491172896340077591D /* GiraffeiOS-Prefix.pch */ = {isa = PBXFileReference; lastKnownFileType = sourcecode.c.h; path = "GiraffeiOS-Prefix.pch"; sourceTree = "<group>"; };
		BB52B492172896340077591D /* GiraffeAppDelegate.h */ = {isa = PBXFileReference; lastKnownFileType = sourcecode.c.h; path = GiraffeAppDelegate.h; sourceTree = "<group>"; };
		BB52B493172896340077591D /* GiraffeAppDelegate.m */ = {isa = PBXFileReference; lastKnownFileType = sourcecode.c.objc; path = GiraffeAppDelegate.m; sourceTree = "<group>"; };
		BB52B495172896340077591D /* Default.png */ = {isa = PBXFileReference; lastKnownFileType = image.png; path = Default.png; sourceTree = "<group>"; };
		BB52B497172896340077591D /* Default@2x.png */ = {isa = PBXFileReference; lastKnownFileType = image.png; path = "Default@2x.png"; sourceTree = "<group>"; };
		BB52B499172896340077591D /* Default-568h@2x.png */ = {isa = PBXFileReference; lastKnownFileType = image.png; path = "Default-568h@2x.png"; sourceTree = "<group>"; };
		BB52B49C172896340077591D /* en */ = {isa = PBXFileReference; lastKnownFileType = file.storyboard; name = en; path = en.lproj/MainStoryboard_iPhone.storyboard; sourceTree = "<group>"; };
		BB52B49F172896340077591D /* en */ = {isa = PBXFileReference; lastKnownFileType = file.storyboard; name = en; path = en.lproj/MainStoryboard_iPad.storyboard; sourceTree = "<group>"; };
		BB52B4A1172896340077591D /* GiraffeNearbyViewController.h */ = {isa = PBXFileReference; lastKnownFileType = sourcecode.c.h; path = GiraffeNearbyViewController.h; sourceTree = "<group>"; };
		BB52B4A2172896340077591D /* GiraffeNearbyViewController.m */ = {isa = PBXFileReference; lastKnownFileType = sourcecode.c.objc; path = GiraffeNearbyViewController.m; sourceTree = "<group>"; };
		BB52B4A4172896340077591D /* first.png */ = {isa = PBXFileReference; lastKnownFileType = image.png; path = first.png; sourceTree = "<group>"; };
		BB52B4A6172896340077591D /* first@2x.png */ = {isa = PBXFileReference; lastKnownFileType = image.png; path = "first@2x.png"; sourceTree = "<group>"; };
		BB52B4A8172896340077591D /* GiraffeMapViewController.h */ = {isa = PBXFileReference; lastKnownFileType = sourcecode.c.h; path = GiraffeMapViewController.h; sourceTree = "<group>"; };
		BB52B4A9172896340077591D /* GiraffeMapViewController.m */ = {isa = PBXFileReference; lastKnownFileType = sourcecode.c.objc; path = GiraffeMapViewController.m; sourceTree = "<group>"; };
		BB52B4AB172896340077591D /* second.png */ = {isa = PBXFileReference; lastKnownFileType = image.png; path = second.png; sourceTree = "<group>"; };
		BB52B4AD172896340077591D /* second@2x.png */ = {isa = PBXFileReference; lastKnownFileType = image.png; path = "second@2x.png"; sourceTree = "<group>"; };
		BB56DE1A174999BC000306AB /* splash.png */ = {isa = PBXFileReference; lastKnownFileType = image.png; path = splash.png; sourceTree = "<group>"; };
		BB67F7E2174B14B200684E78 /* Toast+UIView.h */ = {isa = PBXFileReference; fileEncoding = 4; lastKnownFileType = sourcecode.c.h; path = "Toast+UIView.h"; sourceTree = "<group>"; };
		BB67F7E3174B14B200684E78 /* Toast+UIView.m */ = {isa = PBXFileReference; fileEncoding = 4; lastKnownFileType = sourcecode.c.objc; path = "Toast+UIView.m"; sourceTree = "<group>"; };
		BB89347417386DEE0056F035 /* AFHTTPClient.h */ = {isa = PBXFileReference; fileEncoding = 4; lastKnownFileType = sourcecode.c.h; path = AFHTTPClient.h; sourceTree = "<group>"; };
		BB89347517386DEE0056F035 /* AFHTTPClient.m */ = {isa = PBXFileReference; fileEncoding = 4; lastKnownFileType = sourcecode.c.objc; path = AFHTTPClient.m; sourceTree = "<group>"; };
		BB89347617386DEE0056F035 /* AFHTTPRequestOperation.h */ = {isa = PBXFileReference; fileEncoding = 4; lastKnownFileType = sourcecode.c.h; path = AFHTTPRequestOperation.h; sourceTree = "<group>"; };
		BB89347717386DEE0056F035 /* AFHTTPRequestOperation.m */ = {isa = PBXFileReference; fileEncoding = 4; lastKnownFileType = sourcecode.c.objc; path = AFHTTPRequestOperation.m; sourceTree = "<group>"; };
		BB89347817386DEE0056F035 /* AFImageRequestOperation.h */ = {isa = PBXFileReference; fileEncoding = 4; lastKnownFileType = sourcecode.c.h; path = AFImageRequestOperation.h; sourceTree = "<group>"; };
		BB89347917386DEE0056F035 /* AFImageRequestOperation.m */ = {isa = PBXFileReference; fileEncoding = 4; lastKnownFileType = sourcecode.c.objc; path = AFImageRequestOperation.m; sourceTree = "<group>"; };
		BB89347A17386DEE0056F035 /* AFJSONRequestOperation.h */ = {isa = PBXFileReference; fileEncoding = 4; lastKnownFileType = sourcecode.c.h; path = AFJSONRequestOperation.h; sourceTree = "<group>"; };
		BB89347B17386DEE0056F035 /* AFJSONRequestOperation.m */ = {isa = PBXFileReference; fileEncoding = 4; lastKnownFileType = sourcecode.c.objc; path = AFJSONRequestOperation.m; sourceTree = "<group>"; };
		BB89347C17386DEE0056F035 /* AFNetworkActivityIndicatorManager.h */ = {isa = PBXFileReference; fileEncoding = 4; lastKnownFileType = sourcecode.c.h; path = AFNetworkActivityIndicatorManager.h; sourceTree = "<group>"; };
		BB89347D17386DEE0056F035 /* AFNetworkActivityIndicatorManager.m */ = {isa = PBXFileReference; fileEncoding = 4; lastKnownFileType = sourcecode.c.objc; path = AFNetworkActivityIndicatorManager.m; sourceTree = "<group>"; };
		BB89347E17386DEE0056F035 /* AFNetworking.h */ = {isa = PBXFileReference; fileEncoding = 4; lastKnownFileType = sourcecode.c.h; path = AFNetworking.h; sourceTree = "<group>"; };
		BB89347F17386DEE0056F035 /* AFPropertyListRequestOperation.h */ = {isa = PBXFileReference; fileEncoding = 4; lastKnownFileType = sourcecode.c.h; path = AFPropertyListRequestOperation.h; sourceTree = "<group>"; };
		BB89348017386DEE0056F035 /* AFPropertyListRequestOperation.m */ = {isa = PBXFileReference; fileEncoding = 4; lastKnownFileType = sourcecode.c.objc; path = AFPropertyListRequestOperation.m; sourceTree = "<group>"; };
		BB89348117386DEE0056F035 /* AFURLConnectionOperation.h */ = {isa = PBXFileReference; fileEncoding = 4; lastKnownFileType = sourcecode.c.h; path = AFURLConnectionOperation.h; sourceTree = "<group>"; };
		BB89348217386DEE0056F035 /* AFURLConnectionOperation.m */ = {isa = PBXFileReference; fileEncoding = 4; lastKnownFileType = sourcecode.c.objc; path = AFURLConnectionOperation.m; sourceTree = "<group>"; };
		BB89348317386DEE0056F035 /* AFXMLRequestOperation.h */ = {isa = PBXFileReference; fileEncoding = 4; lastKnownFileType = sourcecode.c.h; path = AFXMLRequestOperation.h; sourceTree = "<group>"; };
		BB89348417386DEE0056F035 /* AFXMLRequestOperation.m */ = {isa = PBXFileReference; fileEncoding = 4; lastKnownFileType = sourcecode.c.objc; path = AFXMLRequestOperation.m; sourceTree = "<group>"; };
		BB89348517386DEE0056F035 /* UIImageView+AFNetworking.h */ = {isa = PBXFileReference; fileEncoding = 4; lastKnownFileType = sourcecode.c.h; path = "UIImageView+AFNetworking.h"; sourceTree = "<group>"; };
		BB89348617386DEE0056F035 /* UIImageView+AFNetworking.m */ = {isa = PBXFileReference; fileEncoding = 4; lastKnownFileType = sourcecode.c.objc; path = "UIImageView+AFNetworking.m"; sourceTree = "<group>"; };
		BB89349017386E580056F035 /* MobileCoreServices.framework */ = {isa = PBXFileReference; lastKnownFileType = wrapper.framework; name = MobileCoreServices.framework; path = System/Library/Frameworks/MobileCoreServices.framework; sourceTree = SDKROOT; };
		BB89349217386E5D0056F035 /* SystemConfiguration.framework */ = {isa = PBXFileReference; lastKnownFileType = wrapper.framework; name = SystemConfiguration.framework; path = System/Library/Frameworks/SystemConfiguration.framework; sourceTree = SDKROOT; };
		BB89349417386FA30056F035 /* GiraffeClient.h */ = {isa = PBXFileReference; fileEncoding = 4; lastKnownFileType = sourcecode.c.h; path = GiraffeClient.h; sourceTree = "<group>"; };
		BB89349517386FA30056F035 /* GiraffeClient.m */ = {isa = PBXFileReference; fileEncoding = 4; lastKnownFileType = sourcecode.c.objc; path = GiraffeClient.m; sourceTree = "<group>"; };
		BBAC6410172DEBB7002A5658 /* GiraffeShareViewController.h */ = {isa = PBXFileReference; fileEncoding = 4; lastKnownFileType = sourcecode.c.h; path = GiraffeShareViewController.h; sourceTree = "<group>"; };
		BBAC6411172DEBB7002A5658 /* GiraffeShareViewController.m */ = {isa = PBXFileReference; fileEncoding = 4; lastKnownFileType = sourcecode.c.objc; path = GiraffeShareViewController.m; sourceTree = "<group>"; };
		BBAC6413172DF0D2002A5658 /* GiraffeProfileViewController.h */ = {isa = PBXFileReference; fileEncoding = 4; lastKnownFileType = sourcecode.c.h; path = GiraffeProfileViewController.h; sourceTree = "<group>"; };
		BBAC6414172DF0D3002A5658 /* GiraffeProfileViewController.m */ = {isa = PBXFileReference; fileEncoding = 4; lastKnownFileType = sourcecode.c.objc; path = GiraffeProfileViewController.m; sourceTree = "<group>"; };
		BBAC6416172DF0E3002A5658 /* GiraffeSettingsViewController.h */ = {isa = PBXFileReference; fileEncoding = 4; lastKnownFileType = sourcecode.c.h; path = GiraffeSettingsViewController.h; sourceTree = "<group>"; };
		BBAC6417172DF0E3002A5658 /* GiraffeSettingsViewController.m */ = {isa = PBXFileReference; fileEncoding = 4; lastKnownFileType = sourcecode.c.objc; path = GiraffeSettingsViewController.m; sourceTree = "<group>"; };
		BBAC6419172DF4A4002A5658 /* Graffiti.h */ = {isa = PBXFileReference; fileEncoding = 4; lastKnownFileType = sourcecode.c.h; path = Graffiti.h; sourceTree = "<group>"; };
		BBAC641A172DF4A4002A5658 /* Graffiti.m */ = {isa = PBXFileReference; fileEncoding = 4; lastKnownFileType = sourcecode.c.objc; path = Graffiti.m; sourceTree = "<group>"; };
		BBAC641C172DF4B1002A5658 /* User.h */ = {isa = PBXFileReference; fileEncoding = 4; lastKnownFileType = sourcecode.c.h; path = User.h; sourceTree = "<group>"; };
		BBAC641D172DF4B1002A5658 /* User.m */ = {isa = PBXFileReference; fileEncoding = 4; lastKnownFileType = sourcecode.c.objc; path = User.m; sourceTree = "<group>"; };
		BBBAB6D31753298A00EEF814 /* facebook.png */ = {isa = PBXFileReference; lastKnownFileType = image.png; name = facebook.png; path = Images/facebook.png; sourceTree = SOURCE_ROOT; };
		BBBAB6D41753298A00EEF814 /* flickr.png */ = {isa = PBXFileReference; lastKnownFileType = image.png; name = flickr.png; path = Images/flickr.png; sourceTree = SOURCE_ROOT; };
		BBBAB6D51753298A00EEF814 /* googleplus.png */ = {isa = PBXFileReference; lastKnownFileType = image.png; name = googleplus.png; path = Images/googleplus.png; sourceTree = SOURCE_ROOT; };
		BBBAB6D61753298A00EEF814 /* instagram.png */ = {isa = PBXFileReference; lastKnownFileType = image.png; name = instagram.png; path = Images/instagram.png; sourceTree = SOURCE_ROOT; };
		BBBAB6D71753298A00EEF814 /* twitter.png */ = {isa = PBXFileReference; lastKnownFileType = image.png; name = twitter.png; path = Images/twitter.png; sourceTree = SOURCE_ROOT; };
		BBCFA2F217462A490059E581 /* LICENSE */ = {isa = PBXFileReference; fileEncoding = 4; lastKnownFileType = text; path = LICENSE; sourceTree = "<group>"; };
		BBCFA2F517462A490059E581 /* de */ = {isa = PBXFileReference; lastKnownFileType = text.plist.strings; name = de; path = de.lproj/NSDateTimeAgo.strings; sourceTree = "<group>"; };
		BBCFA2F617462A490059E581 /* en */ = {isa = PBXFileReference; lastKnownFileType = text.plist.strings; name = en; path = en.lproj/NSDateTimeAgo.strings; sourceTree = "<group>"; };
		BBCFA2F717462A490059E581 /* es */ = {isa = PBXFileReference; lastKnownFileType = text.plist.strings; name = es; path = es.lproj/NSDateTimeAgo.strings; sourceTree = "<group>"; };
		BBCFA2F817462A490059E581 /* fi */ = {isa = PBXFileReference; lastKnownFileType = text.plist.strings; name = fi; path = fi.lproj/NSDateTimeAgo.strings; sourceTree = "<group>"; };
		BBCFA2F917462A490059E581 /* fr */ = {isa = PBXFileReference; lastKnownFileType = text.plist.strings; name = fr; path = fr.lproj/NSDateTimeAgo.strings; sourceTree = "<group>"; };
		BBCFA2FA17462A490059E581 /* hu */ = {isa = PBXFileReference; lastKnownFileType = text.plist.strings; name = hu; path = hu.lproj/NSDateTimeAgo.strings; sourceTree = "<group>"; };
		BBCFA2FB17462A490059E581 /* it */ = {isa = PBXFileReference; lastKnownFileType = text.plist.strings; name = it; path = it.lproj/NSDateTimeAgo.strings; sourceTree = "<group>"; };
		BBCFA2FC17462A490059E581 /* ja */ = {isa = PBXFileReference; lastKnownFileType = text.plist.strings; name = ja; path = ja.lproj/NSDateTimeAgo.strings; sourceTree = "<group>"; };
		BBCFA2FD17462A490059E581 /* nl */ = {isa = PBXFileReference; lastKnownFileType = text.plist.strings; name = nl; path = nl.lproj/NSDateTimeAgo.strings; sourceTree = "<group>"; };
		BBCFA2FE17462A490059E581 /* pt_BR */ = {isa = PBXFileReference; lastKnownFileType = text.plist.strings; name = pt_BR; path = pt_BR.lproj/NSDateTimeAgo.strings; sourceTree = "<group>"; };
		BBCFA2FF17462A490059E581 /* ru */ = {isa = PBXFileReference; lastKnownFileType = text.plist.strings; name = ru; path = ru.lproj/NSDateTimeAgo.strings; sourceTree = "<group>"; };
		BBCFA30017462A490059E581 /* zh_Hans */ = {isa = PBXFileReference; lastKnownFileType = text.plist.strings; name = zh_Hans; path = zh_Hans.lproj/NSDateTimeAgo.strings; sourceTree = "<group>"; };
		BBCFA30117462A490059E581 /* NSDate+TimeAgo.h */ = {isa = PBXFileReference; fileEncoding = 4; lastKnownFileType = sourcecode.c.h; path = "NSDate+TimeAgo.h"; sourceTree = "<group>"; };
		BBCFA30217462A490059E581 /* NSDate+TimeAgo.m */ = {isa = PBXFileReference; fileEncoding = 4; lastKnownFileType = sourcecode.c.objc; path = "NSDate+TimeAgo.m"; sourceTree = "<group>"; };
		BBCFA30317462A490059E581 /* NSDate+TimeAgo.podspec */ = {isa = PBXFileReference; fileEncoding = 4; lastKnownFileType = text; path = "NSDate+TimeAgo.podspec"; sourceTree = "<group>"; };
		BBCFA30417462A490059E581 /* README.md */ = {isa = PBXFileReference; fileEncoding = 4; lastKnownFileType = text; path = README.md; sourceTree = "<group>"; };
		BBD0151C172F3C2B00DB2ACC /* CoreLocation.framework */ = {isa = PBXFileReference; lastKnownFileType = wrapper.framework; name = CoreLocation.framework; path = System/Library/Frameworks/CoreLocation.framework; sourceTree = SDKROOT; };
		BBD673FA174A213900152940 /* camera.png */ = {isa = PBXFileReference; lastKnownFileType = image.png; path = camera.png; sourceTree = "<group>"; };
		BBD673FB174A213900152940 /* gear.png */ = {isa = PBXFileReference; lastKnownFileType = image.png; path = gear.png; sourceTree = "<group>"; };
		BBD673FC174A213900152940 /* id-card.png */ = {isa = PBXFileReference; lastKnownFileType = image.png; path = "id-card.png"; sourceTree = "<group>"; };
		BBD673FD174A213900152940 /* location-arrow.png */ = {isa = PBXFileReference; lastKnownFileType = image.png; path = "location-arrow.png"; sourceTree = "<group>"; };
		BBD673FE174A213900152940 /* location.png */ = {isa = PBXFileReference; lastKnownFileType = image.png; path = location.png; sourceTree = "<group>"; };
		BBD673FF174A213900152940 /* map-marker.png */ = {isa = PBXFileReference; lastKnownFileType = image.png; path = "map-marker.png"; sourceTree = "<group>"; };
		BBD67400174A213900152940 /* map.png */ = {isa = PBXFileReference; lastKnownFileType = image.png; path = map.png; sourceTree = "<group>"; };
		BBD67401174A213900152940 /* radar.png */ = {isa = PBXFileReference; lastKnownFileType = image.png; path = radar.png; sourceTree = "<group>"; };
		BBD6740A174A214100152940 /* spraycan.png */ = {isa = PBXFileReference; lastKnownFileType = image.png; path = spraycan.png; sourceTree = "<group>"; };
		BBD6740B174A214100152940 /* upload-photo.png */ = {isa = PBXFileReference; lastKnownFileType = image.png; path = "upload-photo.png"; sourceTree = "<group>"; };
		F02151C91740DCDF007DCF37 /* avatarImagePlaceholder.png */ = {isa = PBXFileReference; lastKnownFileType = image.png; path = avatarImagePlaceholder.png; sourceTree = "<group>"; };
		F04B9E13173825B7007B645B /* GraffitiCell.h */ = {isa = PBXFileReference; fileEncoding = 4; lastKnownFileType = sourcecode.c.h; path = GraffitiCell.h; sourceTree = "<group>"; };
		F04B9E14173825B7007B645B /* GraffitiCell.m */ = {isa = PBXFileReference; fileEncoding = 4; lastKnownFileType = sourcecode.c.objc; path = GraffitiCell.m; sourceTree = "<group>"; };
		F04B9E2217382EF6007B645B /* UIKit-Utility.h */ = {isa = PBXFileReference; fileEncoding = 4; lastKnownFileType = sourcecode.c.h; path = "UIKit-Utility.h"; sourceTree = "<group>"; };
		F04B9E2317382EF6007B645B /* UIKit-Utility.m */ = {isa = PBXFileReference; fileEncoding = 4; lastKnownFileType = sourcecode.c.objc; path = "UIKit-Utility.m"; sourceTree = "<group>"; };
		F04B9E27173830C7007B645B /* HelveticaNeueLTW1G-ThCn.otf */ = {isa = PBXFileReference; lastKnownFileType = file; path = "HelveticaNeueLTW1G-ThCn.otf"; sourceTree = "<group>"; };
		F04B9E28173830C7007B645B /* HelveticaNeueLTW1G-LtCn.otf */ = {isa = PBXFileReference; lastKnownFileType = file; path = "HelveticaNeueLTW1G-LtCn.otf"; sourceTree = "<group>"; };
		F04B9E29173830C7007B645B /* HelveticaNeueLTW1G-Cn.otf */ = {isa = PBXFileReference; lastKnownFileType = file; path = "HelveticaNeueLTW1G-Cn.otf"; sourceTree = "<group>"; };
		F04B9E2A173830C7007B645B /* HelveticaNeueLTW1G-MdCn.otf */ = {isa = PBXFileReference; lastKnownFileType = file; path = "HelveticaNeueLTW1G-MdCn.otf"; sourceTree = "<group>"; };
		F04B9E2B173830C7007B645B /* HelveticaNeueLTW1G-BdCn.otf */ = {isa = PBXFileReference; lastKnownFileType = file; path = "HelveticaNeueLTW1G-BdCn.otf"; sourceTree = "<group>"; };
		F06A49A0173E087400FCA95B /* UserLoginController.h */ = {isa = PBXFileReference; fileEncoding = 4; lastKnownFileType = sourcecode.c.h; path = UserLoginController.h; sourceTree = "<group>"; };
		F06A49A1173E087400FCA95B /* UserLoginController.m */ = {isa = PBXFileReference; fileEncoding = 4; lastKnownFileType = sourcecode.c.objc; path = UserLoginController.m; sourceTree = "<group>"; };
		F06A49A5173E098F00FCA95B /* UserLoginView.h */ = {isa = PBXFileReference; fileEncoding = 4; lastKnownFileType = sourcecode.c.h; path = UserLoginView.h; sourceTree = "<group>"; };
		F06A49A6173E098F00FCA95B /* UserLoginView.m */ = {isa = PBXFileReference; fileEncoding = 4; lastKnownFileType = sourcecode.c.objc; path = UserLoginView.m; sourceTree = "<group>"; };
		F0C10C9D173B584D0093EBB1 /* LocationManager.h */ = {isa = PBXFileReference; fileEncoding = 4; lastKnownFileType = sourcecode.c.h; path = LocationManager.h; sourceTree = "<group>"; };
		F0C10C9E173B584D0093EBB1 /* LocationManager.m */ = {isa = PBXFileReference; fileEncoding = 4; lastKnownFileType = sourcecode.c.objc; path = LocationManager.m; sourceTree = "<group>"; };
		F0C10CA1173B5BAA0093EBB1 /* Foundation-Utility.h */ = {isa = PBXFileReference; fileEncoding = 4; lastKnownFileType = sourcecode.c.h; path = "Foundation-Utility.h"; sourceTree = "<group>"; };
		F0C10CA2173B5BAA0093EBB1 /* Foundation-Utility.m */ = {isa = PBXFileReference; fileEncoding = 4; lastKnownFileType = sourcecode.c.objc; path = "Foundation-Utility.m"; sourceTree = "<group>"; };
		F0C10CA4173B7D470093EBB1 /* GiraffeShareView.h */ = {isa = PBXFileReference; fileEncoding = 4; lastKnownFileType = sourcecode.c.h; path = GiraffeShareView.h; sourceTree = "<group>"; };
		F0C10CA5173B7D470093EBB1 /* GiraffeShareView.m */ = {isa = PBXFileReference; fileEncoding = 4; lastKnownFileType = sourcecode.c.objc; path = GiraffeShareView.m; sourceTree = "<group>"; };
/* End PBXFileReference section */

/* Begin PBXFrameworksBuildPhase section */
		BB52B47D172896330077591D /* Frameworks */ = {
			isa = PBXFrameworksBuildPhase;
			buildActionMask = 2147483647;
			files = (
				BB06276B1751A1AD002DD5F0 /* Accounts.framework in Frameworks */,
				BB06276C1751A1AD002DD5F0 /* AdSupport.framework in Frameworks */,
				BB06276D1751A1AD002DD5F0 /* libsqlite3.dylib in Frameworks */,
				BB06276E1751A1AD002DD5F0 /* Security.framework in Frameworks */,
				BB06276F1751A1AD002DD5F0 /* Social.framework in Frameworks */,
				BB89349317386E5D0056F035 /* SystemConfiguration.framework in Frameworks */,
				BB89349117386E580056F035 /* MobileCoreServices.framework in Frameworks */,
				BBD0151D172F3C2B00DB2ACC /* CoreLocation.framework in Frameworks */,
				BB52B484172896330077591D /* UIKit.framework in Frameworks */,
				BB52B486172896330077591D /* Foundation.framework in Frameworks */,
				BB52B488172896330077591D /* CoreGraphics.framework in Frameworks */,
				BB0627631751A091002DD5F0 /* FacebookSDK.framework in Frameworks */,
			);
			runOnlyForDeploymentPostprocessing = 0;
		};
/* End PBXFrameworksBuildPhase section */

/* Begin PBXGroup section */
		BB06277317530F85002DD5F0 /* ConnectionClients */ = {
			isa = PBXGroup;
			children = (
				BB0627701751C164002DD5F0 /* FacebookClient.h */,
				BB0627711751C164002DD5F0 /* FacebookClient.m */,
				BB06275C175015EF002DD5F0 /* TwitterClient.h */,
				BB06275D175015EF002DD5F0 /* TwitterClient.m */,
				BB290839174DF901003064AB /* InstagramClient.h */,
				BB29083A174DF901003064AB /* InstagramClient.m */,
				BB89349417386FA30056F035 /* GiraffeClient.h */,
				BB89349517386FA30056F035 /* GiraffeClient.m */,
			);
			name = ConnectionClients;
			sourceTree = "<group>";
		};
		BB52B477172896330077591D = {
			isa = PBXGroup;
			children = (
				BB67F7DD174B137A00684E78 /* Toast */,
				BBCFA2F117462A490059E581 /* NSDate-TimeAgo */,
				BB89347317386DEE0056F035 /* AFNetworking */,
				BB52B489172896330077591D /* GiraffeiOS */,
				BB52B482172896330077591D /* Frameworks */,
				BB52B481172896330077591D /* Products */,
			);
			sourceTree = "<group>";
		};
		BB52B481172896330077591D /* Products */ = {
			isa = PBXGroup;
			children = (
				BB52B480172896330077591D /* GiraffeiOS.app */,
			);
			name = Products;
			sourceTree = "<group>";
		};
		BB52B482172896330077591D /* Frameworks */ = {
			isa = PBXGroup;
			children = (
				BB0627661751A1AC002DD5F0 /* Accounts.framework */,
				BB0627671751A1AC002DD5F0 /* AdSupport.framework */,
				BB0627681751A1AC002DD5F0 /* libsqlite3.dylib */,
				BB0627691751A1AD002DD5F0 /* Security.framework */,
				BB06276A1751A1AD002DD5F0 /* Social.framework */,
				BB0627621751A091002DD5F0 /* FacebookSDK.framework */,
				BB0627641751A0CE002DD5F0 /* FacebookSDKResources.bundle */,
				BB89349217386E5D0056F035 /* SystemConfiguration.framework */,
				BB89349017386E580056F035 /* MobileCoreServices.framework */,
				BBD0151C172F3C2B00DB2ACC /* CoreLocation.framework */,
				BB52B483172896330077591D /* UIKit.framework */,
				BB52B485172896330077591D /* Foundation.framework */,
				BB52B487172896330077591D /* CoreGraphics.framework */,
			);
			name = Frameworks;
			sourceTree = "<group>";
		};
		BB52B489172896330077591D /* GiraffeiOS */ = {
			isa = PBXGroup;
			children = (
				BB52B492172896340077591D /* GiraffeAppDelegate.h */,
				BB52B493172896340077591D /* GiraffeAppDelegate.m */,
				BB52B49B172896340077591D /* MainStoryboard_iPhone.storyboard */,
				BB52B49E172896340077591D /* MainStoryboard_iPad.storyboard */,
				F04B9E1817382628007B645B /* Nearby */,
				F04B9E1917382644007B645B /* Map */,
				F04B9E1B17382664007B645B /* Profile */,
				F04B9E1A17382657007B645B /* Share */,
				F04B9E1C1738266F007B645B /* Settings */,
				F04B9E1D173826E0007B645B /* Model */,
				F04B9E2117382EBE007B645B /* Utility */,
				F04B9E25173830A3007B645B /* Resources */,
				BB52B4A4172896340077591D /* first.png */,
				BB52B4A6172896340077591D /* first@2x.png */,
				BB52B4AB172896340077591D /* second.png */,
				BB52B4AD172896340077591D /* second@2x.png */,
				BB52B48A172896330077591D /* Supporting Files */,
			);
			path = GiraffeiOS;
			sourceTree = "<group>";
		};
		BB52B48A172896330077591D /* Supporting Files */ = {
			isa = PBXGroup;
			children = (
				BB52B48B172896330077591D /* GiraffeiOS-Info.plist */,
				BB52B48C172896330077591D /* InfoPlist.strings */,
				BB52B48F172896330077591D /* main.m */,
				BB52B491172896340077591D /* GiraffeiOS-Prefix.pch */,
				BB52B495172896340077591D /* Default.png */,
				BB52B497172896340077591D /* Default@2x.png */,
				BB52B499172896340077591D /* Default-568h@2x.png */,
			);
			name = "Supporting Files";
			sourceTree = "<group>";
		};
		BB67F7DD174B137A00684E78 /* Toast */ = {
			isa = PBXGroup;
			children = (
				BB67F7E2174B14B200684E78 /* Toast+UIView.h */,
				BB67F7E3174B14B200684E78 /* Toast+UIView.m */,
			);
			name = Toast;
			path = "NSDate-TimeAgo-master";
			sourceTree = "<group>";
		};
		BB89347317386DEE0056F035 /* AFNetworking */ = {
			isa = PBXGroup;
			children = (
				BB89347417386DEE0056F035 /* AFHTTPClient.h */,
				BB89347517386DEE0056F035 /* AFHTTPClient.m */,
				BB89347617386DEE0056F035 /* AFHTTPRequestOperation.h */,
				BB89347717386DEE0056F035 /* AFHTTPRequestOperation.m */,
				BB89347817386DEE0056F035 /* AFImageRequestOperation.h */,
				BB89347917386DEE0056F035 /* AFImageRequestOperation.m */,
				BB89347A17386DEE0056F035 /* AFJSONRequestOperation.h */,
				BB89347B17386DEE0056F035 /* AFJSONRequestOperation.m */,
				BB89347C17386DEE0056F035 /* AFNetworkActivityIndicatorManager.h */,
				BB89347D17386DEE0056F035 /* AFNetworkActivityIndicatorManager.m */,
				BB89347E17386DEE0056F035 /* AFNetworking.h */,
				BB89347F17386DEE0056F035 /* AFPropertyListRequestOperation.h */,
				BB89348017386DEE0056F035 /* AFPropertyListRequestOperation.m */,
				BB89348117386DEE0056F035 /* AFURLConnectionOperation.h */,
				BB89348217386DEE0056F035 /* AFURLConnectionOperation.m */,
				BB89348317386DEE0056F035 /* AFXMLRequestOperation.h */,
				BB89348417386DEE0056F035 /* AFXMLRequestOperation.m */,
				BB89348517386DEE0056F035 /* UIImageView+AFNetworking.h */,
				BB89348617386DEE0056F035 /* UIImageView+AFNetworking.m */,
			);
			path = AFNetworking;
			sourceTree = "<group>";
		};
		BBCFA2F117462A490059E581 /* NSDate-TimeAgo */ = {
			isa = PBXGroup;
			children = (
				BBCFA2F217462A490059E581 /* LICENSE */,
				BBCFA2F317462A490059E581 /* Localization */,
				BBCFA30117462A490059E581 /* NSDate+TimeAgo.h */,
				BBCFA30217462A490059E581 /* NSDate+TimeAgo.m */,
				BBCFA30317462A490059E581 /* NSDate+TimeAgo.podspec */,
				BBCFA30417462A490059E581 /* README.md */,
			);
			name = "NSDate-TimeAgo";
			path = "NSDate-TimeAgo-master";
			sourceTree = "<group>";
		};
		BBCFA2F317462A490059E581 /* Localization */ = {
			isa = PBXGroup;
			children = (
				BBCFA2F417462A490059E581 /* NSDateTimeAgo.strings */,
			);
			path = Localization;
			sourceTree = "<group>";
		};
		F02151C71740DCCB007DCF37 /* Images */ = {
			isa = PBXGroup;
			children = (
				BBBAB6D31753298A00EEF814 /* facebook.png */,
				BBBAB6D41753298A00EEF814 /* flickr.png */,
				BBBAB6D51753298A00EEF814 /* googleplus.png */,
				BBBAB6D61753298A00EEF814 /* instagram.png */,
				BBBAB6D71753298A00EEF814 /* twitter.png */,
				BBD6740A174A214100152940 /* spraycan.png */,
				BBD6740B174A214100152940 /* upload-photo.png */,
				BBD673FA174A213900152940 /* camera.png */,
				BBD673FB174A213900152940 /* gear.png */,
				BBD673FC174A213900152940 /* id-card.png */,
				BBD673FD174A213900152940 /* location-arrow.png */,
				BBD673FE174A213900152940 /* location.png */,
				BBD673FF174A213900152940 /* map-marker.png */,
				BBD67400174A213900152940 /* map.png */,
				BBD67401174A213900152940 /* radar.png */,
				BB56DE1A174999BC000306AB /* splash.png */,
				F02151C91740DCDF007DCF37 /* avatarImagePlaceholder.png */,
			);
			name = Images;
			sourceTree = "<group>";
		};
		F04B9E1717382616007B645B /* Table View */ = {
			isa = PBXGroup;
			children = (
				F04B9E13173825B7007B645B /* GraffitiCell.h */,
				F04B9E14173825B7007B645B /* GraffitiCell.m */,
			);
			name = "Table View";
			sourceTree = "<group>";
		};
		F04B9E1817382628007B645B /* Nearby */ = {
			isa = PBXGroup;
			children = (
				BB52B4A1172896340077591D /* GiraffeNearbyViewController.h */,
				BB52B4A2172896340077591D /* GiraffeNearbyViewController.m */,
				F04B9E1717382616007B645B /* Table View */,
			);
			name = Nearby;
			sourceTree = "<group>";
		};
		F04B9E1917382644007B645B /* Map */ = {
			isa = PBXGroup;
			children = (
				BB52B4A8172896340077591D /* GiraffeMapViewController.h */,
				BB52B4A9172896340077591D /* GiraffeMapViewController.m */,
			);
			name = Map;
			sourceTree = "<group>";
		};
		F04B9E1A17382657007B645B /* Share */ = {
			isa = PBXGroup;
			children = (
				BBAC6410172DEBB7002A5658 /* GiraffeShareViewController.h */,
				BBAC6411172DEBB7002A5658 /* GiraffeShareViewController.m */,
				F0C10CA4173B7D470093EBB1 /* GiraffeShareView.h */,
				F0C10CA5173B7D470093EBB1 /* GiraffeShareView.m */,
			);
			name = Share;
			sourceTree = "<group>";
		};
		F04B9E1B17382664007B645B /* Profile */ = {
			isa = PBXGroup;
			children = (
				BBAC6413172DF0D2002A5658 /* GiraffeProfileViewController.h */,
				BBAC6414172DF0D3002A5658 /* GiraffeProfileViewController.m */,
				F06A49A4173E097500FCA95B /* User Login */,
			);
			name = Profile;
			sourceTree = "<group>";
		};
		F04B9E1C1738266F007B645B /* Settings */ = {
			isa = PBXGroup;
			children = (
				BBAC6416172DF0E3002A5658 /* GiraffeSettingsViewController.h */,
				BBAC6417172DF0E3002A5658 /* GiraffeSettingsViewController.m */,
			);
			name = Settings;
			sourceTree = "<group>";
		};
		F04B9E1D173826E0007B645B /* Model */ = {
			isa = PBXGroup;
			children = (
				BBAC6419172DF4A4002A5658 /* Graffiti.h */,
				BBAC641A172DF4A4002A5658 /* Graffiti.m */,
				BBAC641C172DF4B1002A5658 /* User.h */,
				BBAC641D172DF4B1002A5658 /* User.m */,
				BB29083C174EFE4F003064AB /* InstagramGraffiti.h */,
				BB29083D174EFE4F003064AB /* InstagramGraffiti.m */,
				BB06275F17501A0D002DD5F0 /* TwitterGraffiti.h */,
				BB06276017501A0D002DD5F0 /* TwitterGraffiti.m */,
				BB06277417530FB6002DD5F0 /* FacebookGraffiti.h */,
				BB06277517530FB6002DD5F0 /* FacebookGraffiti.m */,
			);
			name = Model;
			sourceTree = "<group>";
		};
		F04B9E2117382EBE007B645B /* Utility */ = {
			isa = PBXGroup;
			children = (
				BB06277317530F85002DD5F0 /* ConnectionClients */,
				F04B9E2217382EF6007B645B /* UIKit-Utility.h */,
				F04B9E2317382EF6007B645B /* UIKit-Utility.m */,
				F0C10C9D173B584D0093EBB1 /* LocationManager.h */,
				F0C10C9E173B584D0093EBB1 /* LocationManager.m */,
				F0C10CA1173B5BAA0093EBB1 /* Foundation-Utility.h */,
				F0C10CA2173B5BAA0093EBB1 /* Foundation-Utility.m */,
				BB18C0BE174F47610088856A /* RankingAlgorithm.h */,
				BB18C0BF174F47610088856A /* RankingAlgorithm.m */,
			);
			name = Utility;
			sourceTree = "<group>";
		};
		F04B9E25173830A3007B645B /* Resources */ = {
			isa = PBXGroup;
			children = (
				F02151C71740DCCB007DCF37 /* Images */,
				F04B9E26173830AF007B645B /* Fonts */,
			);
			name = Resources;
			sourceTree = "<group>";
		};
		F04B9E26173830AF007B645B /* Fonts */ = {
			isa = PBXGroup;
			children = (
				F04B9E27173830C7007B645B /* HelveticaNeueLTW1G-ThCn.otf */,
				F04B9E28173830C7007B645B /* HelveticaNeueLTW1G-LtCn.otf */,
				F04B9E29173830C7007B645B /* HelveticaNeueLTW1G-Cn.otf */,
				F04B9E2A173830C7007B645B /* HelveticaNeueLTW1G-MdCn.otf */,
				F04B9E2B173830C7007B645B /* HelveticaNeueLTW1G-BdCn.otf */,
			);
			name = Fonts;
			sourceTree = "<group>";
		};
		F06A49A4173E097500FCA95B /* User Login */ = {
			isa = PBXGroup;
			children = (
				F06A49A0173E087400FCA95B /* UserLoginController.h */,
				F06A49A1173E087400FCA95B /* UserLoginController.m */,
				F06A49A5173E098F00FCA95B /* UserLoginView.h */,
				F06A49A6173E098F00FCA95B /* UserLoginView.m */,
			);
			name = "User Login";
			sourceTree = "<group>";
		};
/* End PBXGroup section */

/* Begin PBXNativeTarget section */
		BB52B47F172896330077591D /* GiraffeiOS */ = {
			isa = PBXNativeTarget;
			buildConfigurationList = BB52B4B1172896340077591D /* Build configuration list for PBXNativeTarget "GiraffeiOS" */;
			buildPhases = (
				BB52B47C172896330077591D /* Sources */,
				BB52B47D172896330077591D /* Frameworks */,
				BB52B47E172896330077591D /* Resources */,
			);
			buildRules = (
			);
			dependencies = (
			);
			name = GiraffeiOS;
			productName = GiraffeiOS;
			productReference = BB52B480172896330077591D /* GiraffeiOS.app */;
			productType = "com.apple.product-type.application";
		};
/* End PBXNativeTarget section */

/* Begin PBXProject section */
		BB52B478172896330077591D /* Project object */ = {
			isa = PBXProject;
			attributes = {
				CLASSPREFIX = Giraffe;
				LastUpgradeCheck = 0460;
				ORGANIZATIONNAME = "Unsamsung Heroes";
			};
			buildConfigurationList = BB52B47B172896330077591D /* Build configuration list for PBXProject "GiraffeiOS" */;
			compatibilityVersion = "Xcode 3.2";
			developmentRegion = English;
			hasScannedForEncodings = 0;
			knownRegions = (
				en,
				de,
				es,
				fi,
				fr,
				hu,
				it,
				ja,
				nl,
				pt_BR,
				ru,
				zh_Hans,
			);
			mainGroup = BB52B477172896330077591D;
			productRefGroup = BB52B481172896330077591D /* Products */;
			projectDirPath = "";
			projectRoot = "";
			targets = (
				BB52B47F172896330077591D /* GiraffeiOS */,
			);
		};
/* End PBXProject section */

/* Begin PBXResourcesBuildPhase section */
		BB52B47E172896330077591D /* Resources */ = {
			isa = PBXResourcesBuildPhase;
			buildActionMask = 2147483647;
			files = (
				BB52B48E172896330077591D /* InfoPlist.strings in Resources */,
				BB52B496172896340077591D /* Default.png in Resources */,
				BB52B498172896340077591D /* Default@2x.png in Resources */,
				BB52B49A172896340077591D /* Default-568h@2x.png in Resources */,
				BB52B49D172896340077591D /* MainStoryboard_iPhone.storyboard in Resources */,
				BB52B4A0172896340077591D /* MainStoryboard_iPad.storyboard in Resources */,
				BB52B4A5172896340077591D /* first.png in Resources */,
				BB52B4A7172896340077591D /* first@2x.png in Resources */,
				BB52B4AC172896340077591D /* second.png in Resources */,
				BB52B4AE172896340077591D /* second@2x.png in Resources */,
				F04B9E2C173830F9007B645B /* HelveticaNeueLTW1G-ThCn.otf in Resources */,
				F04B9E2D173830FC007B645B /* HelveticaNeueLTW1G-LtCn.otf in Resources */,
				F04B9E2E17383100007B645B /* HelveticaNeueLTW1G-Cn.otf in Resources */,
				F04B9E2F17383103007B645B /* HelveticaNeueLTW1G-MdCn.otf in Resources */,
				F04B9E3017383107007B645B /* HelveticaNeueLTW1G-BdCn.otf in Resources */,
				F02151CA1740DCDF007DCF37 /* avatarImagePlaceholder.png in Resources */,
				BBCFA30517462A490059E581 /* LICENSE in Resources */,
				BBCFA30617462A490059E581 /* NSDateTimeAgo.strings in Resources */,
				BBCFA30817462A490059E581 /* NSDate+TimeAgo.podspec in Resources */,
				BBCFA30917462A490059E581 /* README.md in Resources */,
				BB56DE1B174999BC000306AB /* splash.png in Resources */,
				BBD67402174A213900152940 /* camera.png in Resources */,
				BBD67403174A213900152940 /* gear.png in Resources */,
				BBD67404174A213900152940 /* id-card.png in Resources */,
				BBD67405174A213900152940 /* location-arrow.png in Resources */,
				BBD67406174A213900152940 /* location.png in Resources */,
				BBD67407174A213900152940 /* map-marker.png in Resources */,
				BBD67408174A213900152940 /* map.png in Resources */,
				BBD67409174A213900152940 /* radar.png in Resources */,
				BBD6740C174A214100152940 /* spraycan.png in Resources */,
				BBD6740D174A214100152940 /* upload-photo.png in Resources */,
				BB0627651751A0CE002DD5F0 /* FacebookSDKResources.bundle in Resources */,
				BBBAB6D81753298A00EEF814 /* facebook.png in Resources */,
				BBBAB6D91753298A00EEF814 /* flickr.png in Resources */,
				BBBAB6DA1753298A00EEF814 /* googleplus.png in Resources */,
				BBBAB6DB1753298A00EEF814 /* instagram.png in Resources */,
				BBBAB6DC1753298A00EEF814 /* twitter.png in Resources */,
			);
			runOnlyForDeploymentPostprocessing = 0;
		};
/* End PBXResourcesBuildPhase section */

/* Begin PBXSourcesBuildPhase section */
		BB52B47C172896330077591D /* Sources */ = {
			isa = PBXSourcesBuildPhase;
			buildActionMask = 2147483647;
			files = (
				BB52B490172896330077591D /* main.m in Sources */,
				BB52B494172896340077591D /* GiraffeAppDelegate.m in Sources */,
				BB52B4A3172896340077591D /* GiraffeNearbyViewController.m in Sources */,
				BB52B4AA172896340077591D /* GiraffeMapViewController.m in Sources */,
				BBAC6412172DEBB7002A5658 /* GiraffeShareViewController.m in Sources */,
				BBAC6415172DF0D3002A5658 /* GiraffeProfileViewController.m in Sources */,
				BBAC6418172DF0E3002A5658 /* GiraffeSettingsViewController.m in Sources */,
				BBAC641B172DF4A4002A5658 /* Graffiti.m in Sources */,
				BBAC641E172DF4B1002A5658 /* User.m in Sources */,
				F04B9E15173825B7007B645B /* GraffitiCell.m in Sources */,
				F04B9E2417382EF6007B645B /* UIKit-Utility.m in Sources */,
				BB89348717386DEE0056F035 /* AFHTTPClient.m in Sources */,
				BB89348817386DEE0056F035 /* AFHTTPRequestOperation.m in Sources */,
				BB89348917386DEE0056F035 /* AFImageRequestOperation.m in Sources */,
				BB89348A17386DEE0056F035 /* AFJSONRequestOperation.m in Sources */,
				BB89348B17386DEE0056F035 /* AFNetworkActivityIndicatorManager.m in Sources */,
				BB89348C17386DEE0056F035 /* AFPropertyListRequestOperation.m in Sources */,
				BB89348D17386DEE0056F035 /* AFURLConnectionOperation.m in Sources */,
				BB89348E17386DEE0056F035 /* AFXMLRequestOperation.m in Sources */,
				BB89348F17386DEE0056F035 /* UIImageView+AFNetworking.m in Sources */,
				BB89349617386FA30056F035 /* GiraffeClient.m in Sources */,
				F0C10C9F173B584D0093EBB1 /* LocationManager.m in Sources */,
				F0C10CA3173B5BAA0093EBB1 /* Foundation-Utility.m in Sources */,
				F0C10CA6173B7D470093EBB1 /* GiraffeShareView.m in Sources */,
				F06A49A2173E087400FCA95B /* UserLoginController.m in Sources */,
				F06A49A7173E098F00FCA95B /* UserLoginView.m in Sources */,
				BBCFA30717462A490059E581 /* NSDate+TimeAgo.m in Sources */,
				BB67F7E4174B14B200684E78 /* Toast+UIView.m in Sources */,
				BB29083B174DF901003064AB /* InstagramClient.m in Sources */,
				BB29083E174EFE4F003064AB /* InstagramGraffiti.m in Sources */,
				BB18C0C0174F47610088856A /* RankingAlgorithm.m in Sources */,
				BB06275E175015EF002DD5F0 /* TwitterClient.m in Sources */,
				BB06276117501A0D002DD5F0 /* TwitterGraffiti.m in Sources */,
				BB0627721751C164002DD5F0 /* FacebookClient.m in Sources */,
				BB06277617530FB6002DD5F0 /* FacebookGraffiti.m in Sources */,
			);
			runOnlyForDeploymentPostprocessing = 0;
		};
/* End PBXSourcesBuildPhase section */

/* Begin PBXVariantGroup section */
		BB52B48C172896330077591D /* InfoPlist.strings */ = {
			isa = PBXVariantGroup;
			children = (
				BB52B48D172896330077591D /* en */,
			);
			name = InfoPlist.strings;
			sourceTree = "<group>";
		};
		BB52B49B172896340077591D /* MainStoryboard_iPhone.storyboard */ = {
			isa = PBXVariantGroup;
			children = (
				BB52B49C172896340077591D /* en */,
			);
			name = MainStoryboard_iPhone.storyboard;
			sourceTree = "<group>";
		};
		BB52B49E172896340077591D /* MainStoryboard_iPad.storyboard */ = {
			isa = PBXVariantGroup;
			children = (
				BB52B49F172896340077591D /* en */,
			);
			name = MainStoryboard_iPad.storyboard;
			sourceTree = "<group>";
		};
		BBCFA2F417462A490059E581 /* NSDateTimeAgo.strings */ = {
			isa = PBXVariantGroup;
			children = (
				BBCFA2F517462A490059E581 /* de */,
				BBCFA2F617462A490059E581 /* en */,
				BBCFA2F717462A490059E581 /* es */,
				BBCFA2F817462A490059E581 /* fi */,
				BBCFA2F917462A490059E581 /* fr */,
				BBCFA2FA17462A490059E581 /* hu */,
				BBCFA2FB17462A490059E581 /* it */,
				BBCFA2FC17462A490059E581 /* ja */,
				BBCFA2FD17462A490059E581 /* nl */,
				BBCFA2FE17462A490059E581 /* pt_BR */,
				BBCFA2FF17462A490059E581 /* ru */,
				BBCFA30017462A490059E581 /* zh_Hans */,
			);
			name = NSDateTimeAgo.strings;
			sourceTree = "<group>";
		};
/* End PBXVariantGroup section */

/* Begin XCBuildConfiguration section */
		BB52B4AF172896340077591D /* Debug */ = {
			isa = XCBuildConfiguration;
			buildSettings = {
				ALWAYS_SEARCH_USER_PATHS = NO;
				CLANG_CXX_LANGUAGE_STANDARD = "gnu++0x";
				CLANG_CXX_LIBRARY = "libc++";
				CLANG_ENABLE_OBJC_ARC = YES;
				CLANG_WARN_CONSTANT_CONVERSION = YES;
				CLANG_WARN_EMPTY_BODY = YES;
				CLANG_WARN_ENUM_CONVERSION = YES;
				CLANG_WARN_INT_CONVERSION = YES;
				CLANG_WARN__DUPLICATE_METHOD_MATCH = YES;
				"CODE_SIGN_IDENTITY[sdk=iphoneos*]" = "iPhone Developer";
				COPY_PHASE_STRIP = NO;
				GCC_C_LANGUAGE_STANDARD = gnu99;
				GCC_DYNAMIC_NO_PIC = NO;
				GCC_OPTIMIZATION_LEVEL = 0;
				GCC_PREPROCESSOR_DEFINITIONS = (
					"DEBUG=1",
					"$(inherited)",
				);
				GCC_SYMBOLS_PRIVATE_EXTERN = NO;
				GCC_WARN_ABOUT_RETURN_TYPE = YES;
				GCC_WARN_UNINITIALIZED_AUTOS = YES;
				GCC_WARN_UNUSED_VARIABLE = YES;
				IPHONEOS_DEPLOYMENT_TARGET = 6.1;
				ONLY_ACTIVE_ARCH = YES;
				SDKROOT = iphoneos;
				TARGETED_DEVICE_FAMILY = "1,2";
			};
			name = Debug;
		};
		BB52B4B0172896340077591D /* Release */ = {
			isa = XCBuildConfiguration;
			buildSettings = {
				ALWAYS_SEARCH_USER_PATHS = NO;
				CLANG_CXX_LANGUAGE_STANDARD = "gnu++0x";
				CLANG_CXX_LIBRARY = "libc++";
				CLANG_ENABLE_OBJC_ARC = YES;
				CLANG_WARN_CONSTANT_CONVERSION = YES;
				CLANG_WARN_EMPTY_BODY = YES;
				CLANG_WARN_ENUM_CONVERSION = YES;
				CLANG_WARN_INT_CONVERSION = YES;
				CLANG_WARN__DUPLICATE_METHOD_MATCH = YES;
				"CODE_SIGN_IDENTITY[sdk=iphoneos*]" = "iPhone Developer";
				COPY_PHASE_STRIP = YES;
				GCC_C_LANGUAGE_STANDARD = gnu99;
				GCC_WARN_ABOUT_RETURN_TYPE = YES;
				GCC_WARN_UNINITIALIZED_AUTOS = YES;
				GCC_WARN_UNUSED_VARIABLE = YES;
				IPHONEOS_DEPLOYMENT_TARGET = 6.1;
				OTHER_CFLAGS = "-DNS_BLOCK_ASSERTIONS=1";
				SDKROOT = iphoneos;
				TARGETED_DEVICE_FAMILY = "1,2";
				VALIDATE_PRODUCT = YES;
			};
			name = Release;
		};
		BB52B4B2172896340077591D /* Debug */ = {
			isa = XCBuildConfiguration;
			buildSettings = {
				FRAMEWORK_SEARCH_PATHS = (
					"$(inherited)",
					"\"$(SRCROOT)\"",
				);
				GCC_PRECOMPILE_PREFIX_HEADER = YES;
				GCC_PREFIX_HEADER = "GiraffeiOS/GiraffeiOS-Prefix.pch";
				INFOPLIST_FILE = "GiraffeiOS/GiraffeiOS-Info.plist";
				IPHONEOS_DEPLOYMENT_TARGET = 6.0;
				PRODUCT_NAME = "$(TARGET_NAME)";
				WRAPPER_EXTENSION = app;
			};
			name = Debug;
		};
		BB52B4B3172896340077591D /* Release */ = {
			isa = XCBuildConfiguration;
			buildSettings = {
				FRAMEWORK_SEARCH_PATHS = (
					"$(inherited)",
					"\"$(SRCROOT)\"",
				);
				GCC_PRECOMPILE_PREFIX_HEADER = YES;
				GCC_PREFIX_HEADER = "GiraffeiOS/GiraffeiOS-Prefix.pch";
				INFOPLIST_FILE = "GiraffeiOS/GiraffeiOS-Info.plist";
				IPHONEOS_DEPLOYMENT_TARGET = 6.0;
				PRODUCT_NAME = "$(TARGET_NAME)";
				WRAPPER_EXTENSION = app;
			};
			name = Release;
		};
/* End XCBuildConfiguration section */

/* Begin XCConfigurationList section */
		BB52B47B172896330077591D /* Build configuration list for PBXProject "GiraffeiOS" */ = {
			isa = XCConfigurationList;
			buildConfigurations = (
				BB52B4AF172896340077591D /* Debug */,
				BB52B4B0172896340077591D /* Release */,
			);
			defaultConfigurationIsVisible = 0;
			defaultConfigurationName = Release;
		};
		BB52B4B1172896340077591D /* Build configuration list for PBXNativeTarget "GiraffeiOS" */ = {
			isa = XCConfigurationList;
			buildConfigurations = (
				BB52B4B2172896340077591D /* Debug */,
				BB52B4B3172896340077591D /* Release */,
			);
			defaultConfigurationIsVisible = 0;
			defaultConfigurationName = Release;
		};
/* End XCConfigurationList section */
	};
	rootObject = BB52B478172896330077591D /* Project object */;
}
